
Microsoft Visual Studio Solution File, Format Version 12.00
# Visual Studio Version 17
VisualStudioVersion = 17.7.34031.279
MinimumVisualStudioVersion = 10.0.40219.1
Project("{9A19103F-16F7-4668-BE54-9A1E7A4F7556}") = "Typing App API", "Typing App API\Typing App API.csproj", "{CA47F188-00D8-4E03-8F06-8639047DA549}"
EndProject
Project("{54A90642-561A-4BB1-A94E-469ADEE60C69}") = "Client", "Client\Client.esproj", "{2BFCF9ED-267E-4030-BC7F-D08F6DF182D1}"
EndProject
Global
	GlobalSection(SolutionConfigurationPlatforms) = preSolution
		Debug|Any CPU = Debug|Any CPU
		Release|Any CPU = Release|Any CPU
	EndGlobalSection
	GlobalSection(ProjectConfigurationPlatforms) = postSolution
		{CA47F188-00D8-4E03-8F06-8639047DA549}.Debug|Any CPU.ActiveCfg = Debug|Any CPU
		{CA47F188-00D8-4E03-8F06-8639047DA549}.Debug|Any CPU.Build.0 = Debug|Any CPU
		{CA47F188-00D8-4E03-8F06-8639047DA549}.Release|Any CPU.ActiveCfg = Release|Any CPU
		{CA47F188-00D8-4E03-8F06-8639047DA549}.Release|Any CPU.Build.0 = Release|Any CPU
		{2BFCF9ED-267E-4030-BC7F-D08F6DF182D1}.Debug|Any CPU.ActiveCfg = Debug|Any CPU
		{2BFCF9ED-267E-4030-BC7F-D08F6DF182D1}.Debug|Any CPU.Build.0 = Debug|Any CPU
		{2BFCF9ED-267E-4030-BC7F-D08F6DF182D1}.Debug|Any CPU.Deploy.0 = Debug|Any CPU
		{2BFCF9ED-267E-4030-BC7F-D08F6DF182D1}.Release|Any CPU.ActiveCfg = Release|Any CPU
		{2BFCF9ED-267E-4030-BC7F-D08F6DF182D1}.Release|Any CPU.Build.0 = Release|Any CPU
		{2BFCF9ED-267E-4030-BC7F-D08F6DF182D1}.Release|Any CPU.Deploy.0 = Release|Any CPU
	EndGlobalSection
	GlobalSection(SolutionProperties) = preSolution
		HideSolutionNode = FALSE
	EndGlobalSection
	GlobalSection(ExtensibilityGlobals) = postSolution
		SolutionGuid = {883B104A-102F-4EF3-906D-65914CBB8E04}
	EndGlobalSection
EndGlobal
